
Microsoft Visual Studio Solution File, Format Version 12.00
# Visual Studio Version 16
VisualStudioVersion = 16.0.29728.190
MinimumVisualStudioVersion = 10.0.40219.1
Project("{FAE04EC0-301F-11D3-BF4B-00C04F79EFBC}") = "IDEVerse", "IDEVerse.csproj", "{1B164F57-D508-417A-B399-F819E8C649C4}"
EndProject
Project("{FAE04EC0-301F-11D3-BF4B-00C04F79EFBC}") = "IdeVerseContracts", "..\IDEVerseContracts\IdeVerseContracts.csproj", "{32631937-62C8-4208-9409-0AED7A7703ED}"
EndProject
Project("{FAE04EC0-301F-11D3-BF4B-00C04F79EFBC}") = "IDEVerseCore", "..\IDEVerseCore\IDEVerseCore.csproj", "{84F85185-FDB9-4788-B3FC-FF995D1452FA}"
EndProject
Project("{FAE04EC0-301F-11D3-BF4B-00C04F79EFBC}") = "IDEVerseDb", "..\IDEVerseDb\IDEVerseDb.csproj", "{FE8C24B5-4198-4F31-9D75-CE5A07925FE3}"
EndProject
Project("{FAE04EC0-301F-11D3-BF4B-00C04F79EFBC}") = "IDEVerseTests", "..\IDEVerseTests\IDEVerseTests.csproj", "{9CA8EE10-BFA5-46AC-AD75-2CBAF4676661}"
EndProject
Global
	GlobalSection(SolutionConfigurationPlatforms) = preSolution
		Debug|Any CPU = Debug|Any CPU
		Release|Any CPU = Release|Any CPU
	EndGlobalSection
	GlobalSection(ProjectConfigurationPlatforms) = postSolution
		{1B164F57-D508-417A-B399-F819E8C649C4}.Debug|Any CPU.ActiveCfg = Debug|Any CPU
		{1B164F57-D508-417A-B399-F819E8C649C4}.Debug|Any CPU.Build.0 = Debug|Any CPU
		{1B164F57-D508-417A-B399-F819E8C649C4}.Release|Any CPU.ActiveCfg = Release|Any CPU
		{1B164F57-D508-417A-B399-F819E8C649C4}.Release|Any CPU.Build.0 = Release|Any CPU
		{32631937-62C8-4208-9409-0AED7A7703ED}.Debug|Any CPU.ActiveCfg = Debug|Any CPU
		{32631937-62C8-4208-9409-0AED7A7703ED}.Debug|Any CPU.Build.0 = Debug|Any CPU
		{32631937-62C8-4208-9409-0AED7A7703ED}.Release|Any CPU.ActiveCfg = Release|Any CPU
		{32631937-62C8-4208-9409-0AED7A7703ED}.Release|Any CPU.Build.0 = Release|Any CPU
		{84F85185-FDB9-4788-B3FC-FF995D1452FA}.Debug|Any CPU.ActiveCfg = Debug|Any CPU
		{84F85185-FDB9-4788-B3FC-FF995D1452FA}.Debug|Any CPU.Build.0 = Debug|Any CPU
		{84F85185-FDB9-4788-B3FC-FF995D1452FA}.Release|Any CPU.ActiveCfg = Release|Any CPU
		{84F85185-FDB9-4788-B3FC-FF995D1452FA}.Release|Any CPU.Build.0 = Release|Any CPU
		{FE8C24B5-4198-4F31-9D75-CE5A07925FE3}.Debug|Any CPU.ActiveCfg = Debug|Any CPU
		{FE8C24B5-4198-4F31-9D75-CE5A07925FE3}.Debug|Any CPU.Build.0 = Debug|Any CPU
		{FE8C24B5-4198-4F31-9D75-CE5A07925FE3}.Release|Any CPU.ActiveCfg = Release|Any CPU
		{FE8C24B5-4198-4F31-9D75-CE5A07925FE3}.Release|Any CPU.Build.0 = Release|Any CPU
		{9CA8EE10-BFA5-46AC-AD75-2CBAF4676661}.Debug|Any CPU.ActiveCfg = Debug|Any CPU
		{9CA8EE10-BFA5-46AC-AD75-2CBAF4676661}.Debug|Any CPU.Build.0 = Debug|Any CPU
		{9CA8EE10-BFA5-46AC-AD75-2CBAF4676661}.Release|Any CPU.ActiveCfg = Release|Any CPU
		{9CA8EE10-BFA5-46AC-AD75-2CBAF4676661}.Release|Any CPU.Build.0 = Release|Any CPU
	EndGlobalSection
	GlobalSection(SolutionProperties) = preSolution
		HideSolutionNode = FALSE
	EndGlobalSection
	GlobalSection(ExtensibilityGlobals) = postSolution
		SolutionGuid = {7499A75C-25B2-43D3-8EE3-C9CF8AC781CE}
	EndGlobalSection
EndGlobal
